
Microsoft Visual Studio Solution File, Format Version 12.00
# Visual Studio Version 17
VisualStudioVersion = 17.9.34728.123
MinimumVisualStudioVersion = 10.0.40219.1
Project("{9A19103F-16F7-4668-BE54-9A1E7A4F7556}") = "Radiosity.OdysseyHubClient", "OdysseyHubClient\Radiosity.OdysseyHubClient.csproj", "{885E5B21-5D2B-4EB7-9E35-FE3545070F39}"
EndProject
Project("{9A19103F-16F7-4668-BE54-9A1E7A4F7556}") = "Radiosity.OdysseyHubClient.Test", "OdysseyHubClient.Test\Radiosity.OdysseyHubClient.Test.csproj", "{24CE1DC0-42AB-4A7D-A81F-98002C4ECFF6}"
EndProject
Project("{2150E333-8FDC-42A3-9474-1A3956D46DE8}") = "Solution Items", "Solution Items", "{5115AA56-8807-480B-8B3C-4737628A0FC1}"
	ProjectSection(SolutionItems) = preProject
		build.ps1 = build.ps1
	EndProjectSection
EndProject
Global
	GlobalSection(SolutionConfigurationPlatforms) = preSolution
		Debug|Any CPU = Debug|Any CPU
		Debug|x64 = Debug|x64
		Release|Any CPU = Release|Any CPU
		Release|x64 = Release|x64
	EndGlobalSection
	GlobalSection(ProjectConfigurationPlatforms) = postSolution
		{885E5B21-5D2B-4EB7-9E35-FE3545070F39}.Debug|Any CPU.ActiveCfg = Debug|Any CPU
		{885E5B21-5D2B-4EB7-9E35-FE3545070F39}.Debug|Any CPU.Build.0 = Debug|Any CPU
		{885E5B21-5D2B-4EB7-9E35-FE3545070F39}.Debug|x64.ActiveCfg = Debug|x64
		{885E5B21-5D2B-4EB7-9E35-FE3545070F39}.Debug|x64.Build.0 = Debug|x64
		{885E5B21-5D2B-4EB7-9E35-FE3545070F39}.Release|Any CPU.ActiveCfg = Release|Any CPU
		{885E5B21-5D2B-4EB7-9E35-FE3545070F39}.Release|Any CPU.Build.0 = Release|Any CPU
		{885E5B21-5D2B-4EB7-9E35-FE3545070F39}.Release|x64.ActiveCfg = Release|x64
		{885E5B21-5D2B-4EB7-9E35-FE3545070F39}.Release|x64.Build.0 = Release|x64
		{24CE1DC0-42AB-4A7D-A81F-98002C4ECFF6}.Debug|Any CPU.ActiveCfg = Debug|Any CPU
		{24CE1DC0-42AB-4A7D-A81F-98002C4ECFF6}.Debug|Any CPU.Build.0 = Debug|Any CPU
		{24CE1DC0-42AB-4A7D-A81F-98002C4ECFF6}.Debug|x64.ActiveCfg = Debug|x64
		{24CE1DC0-42AB-4A7D-A81F-98002C4ECFF6}.Debug|x64.Build.0 = Debug|x64
		{24CE1DC0-42AB-4A7D-A81F-98002C4ECFF6}.Release|Any CPU.ActiveCfg = Release|Any CPU
		{24CE1DC0-42AB-4A7D-A81F-98002C4ECFF6}.Release|Any CPU.Build.0 = Release|Any CPU
		{24CE1DC0-42AB-4A7D-A81F-98002C4ECFF6}.Release|x64.ActiveCfg = Release|x64
		{24CE1DC0-42AB-4A7D-A81F-98002C4ECFF6}.Release|x64.Build.0 = Release|x64
	EndGlobalSection
	GlobalSection(SolutionProperties) = preSolution
		HideSolutionNode = FALSE
	EndGlobalSection
	GlobalSection(ExtensibilityGlobals) = postSolution
		SolutionGuid = {BB01D0CA-1622-43B2-9969-EBDC92EB64D6}
	EndGlobalSection
EndGlobal
